<Solution>
    <Project Path="src/Api/FinancialPlanner.Api.csproj" />
    <Project Path="src/Application/FinancialPlanner.Application.csproj" />
    <Project Path="src/Domain/FinancialPlanner.Domain.csproj" />
    <Project Path="src/Infrastructure/FinancialPlanner.Infrastructure.csproj" />
    <Project Path="tests/Application.Tests/FinancialPlanner.Application.Tests.csproj" />
</Solution>
